
Microsoft Visual Studio Solution File, Format Version 12.00
# Visual Studio Version 17
VisualStudioVersion = 17.0.32126.317
MinimumVisualStudioVersion = 10.0.40219.1
Project("{FAE04EC0-301F-11D3-BF4B-00C04F79EFBC}") = "LacunaGenetics", "LacunaGenetics.csproj", "{3A210576-5465-415E-92DA-1E5BD05029AE}"
EndProject
Global
	GlobalSection(SolutionConfigurationPlatforms) = preSolution
		Debug|Any CPU = Debug|Any CPU
		Release|Any CPU = Release|Any CPU
	EndGlobalSection
	GlobalSection(ProjectConfigurationPlatforms) = postSolution
		{3A210576-5465-415E-92DA-1E5BD05029AE}.Debug|Any CPU.ActiveCfg = Debug|Any CPU
		{3A210576-5465-415E-92DA-1E5BD05029AE}.Debug|Any CPU.Build.0 = Debug|Any CPU
		{3A210576-5465-415E-92DA-1E5BD05029AE}.Release|Any CPU.ActiveCfg = Release|Any CPU
		{3A210576-5465-415E-92DA-1E5BD05029AE}.Release|Any CPU.Build.0 = Release|Any CPU
	EndGlobalSection
	GlobalSection(SolutionProperties) = preSolution
		HideSolutionNode = FALSE
	EndGlobalSection
	GlobalSection(ExtensibilityGlobals) = postSolution
		SolutionGuid = {F6054BFB-3CE4-4A8F-A768-B3E5617BAB51}
	EndGlobalSection
EndGlobal
